
Microsoft Visual Studio Solution File, Format Version 12.00
# Visual Studio Version 16
VisualStudioVersion = 16.0.29519.181
MinimumVisualStudioVersion = 10.0.40219.1
Project("{9A19103F-16F7-4668-BE54-9A1E7A4F7556}") = "Unit9", "Unit9\Unit9.csproj", "{14C9EF8A-6361-4F79-9910-DB00E91C13D1}"
EndProject
Project("{FAE04EC0-301F-11D3-BF4B-00C04F79EFBC}") = "Unit9.Practice", "Unit9.Practice\Unit9.Practice.csproj", "{7542A5C2-4570-4562-8DD6-C3DAE61A9F66}"
EndProject
Project("{FAE04EC0-301F-11D3-BF4B-00C04F79EFBC}") = "Unit9.Practice2", "Unit9.Practice2\Unit9.Practice2.csproj", "{391F96A2-B6A8-4260-A396-9EAE0AF8D1EE}"
EndProject
Global
	GlobalSection(SolutionConfigurationPlatforms) = preSolution
		Debug|Any CPU = Debug|Any CPU
		Release|Any CPU = Release|Any CPU
	EndGlobalSection
	GlobalSection(ProjectConfigurationPlatforms) = postSolution
		{14C9EF8A-6361-4F79-9910-DB00E91C13D1}.Debug|Any CPU.ActiveCfg = Debug|Any CPU
		{14C9EF8A-6361-4F79-9910-DB00E91C13D1}.Debug|Any CPU.Build.0 = Debug|Any CPU
		{14C9EF8A-6361-4F79-9910-DB00E91C13D1}.Release|Any CPU.ActiveCfg = Release|Any CPU
		{14C9EF8A-6361-4F79-9910-DB00E91C13D1}.Release|Any CPU.Build.0 = Release|Any CPU
		{7542A5C2-4570-4562-8DD6-C3DAE61A9F66}.Debug|Any CPU.ActiveCfg = Debug|Any CPU
		{7542A5C2-4570-4562-8DD6-C3DAE61A9F66}.Debug|Any CPU.Build.0 = Debug|Any CPU
		{7542A5C2-4570-4562-8DD6-C3DAE61A9F66}.Release|Any CPU.ActiveCfg = Release|Any CPU
		{7542A5C2-4570-4562-8DD6-C3DAE61A9F66}.Release|Any CPU.Build.0 = Release|Any CPU
		{391F96A2-B6A8-4260-A396-9EAE0AF8D1EE}.Debug|Any CPU.ActiveCfg = Debug|Any CPU
		{391F96A2-B6A8-4260-A396-9EAE0AF8D1EE}.Debug|Any CPU.Build.0 = Debug|Any CPU
		{391F96A2-B6A8-4260-A396-9EAE0AF8D1EE}.Release|Any CPU.ActiveCfg = Release|Any CPU
		{391F96A2-B6A8-4260-A396-9EAE0AF8D1EE}.Release|Any CPU.Build.0 = Release|Any CPU
	EndGlobalSection
	GlobalSection(SolutionProperties) = preSolution
		HideSolutionNode = FALSE
	EndGlobalSection
	GlobalSection(ExtensibilityGlobals) = postSolution
		SolutionGuid = {A7D26553-94D7-43F3-9A36-C9ED2407910C}
	EndGlobalSection
EndGlobal
